
Microsoft Visual Studio Solution File, Format Version 12.00
# Visual Studio Version 17
VisualStudioVersion = 17.11.35303.130
MinimumVisualStudioVersion = 10.0.40219.1
Project("{9A19103F-16F7-4668-BE54-9A1E7A4F7556}") = "Parkeringsgarage", "Parkeringsgarage\Parkeringsgarage.csproj", "{9B529FF7-345E-4049-BCF7-4B91BC4688E8}"
EndProject
Project("{FAE04EC0-301F-11D3-BF4B-00C04F79EFBC}") = "TDD", "TDD\TDD.csproj", "{22F610C5-7A42-485F-BA1A-221BA3C00A55}"
EndProject
Global
	GlobalSection(SolutionConfigurationPlatforms) = preSolution
		Debug|Any CPU = Debug|Any CPU
		Release|Any CPU = Release|Any CPU
	EndGlobalSection
	GlobalSection(ProjectConfigurationPlatforms) = postSolution
		{9B529FF7-345E-4049-BCF7-4B91BC4688E8}.Debug|Any CPU.ActiveCfg = Debug|Any CPU
		{9B529FF7-345E-4049-BCF7-4B91BC4688E8}.Debug|Any CPU.Build.0 = Debug|Any CPU
		{9B529FF7-345E-4049-BCF7-4B91BC4688E8}.Release|Any CPU.ActiveCfg = Release|Any CPU
		{9B529FF7-345E-4049-BCF7-4B91BC4688E8}.Release|Any CPU.Build.0 = Release|Any CPU
		{22F610C5-7A42-485F-BA1A-221BA3C00A55}.Debug|Any CPU.ActiveCfg = Debug|Any CPU
		{22F610C5-7A42-485F-BA1A-221BA3C00A55}.Debug|Any CPU.Build.0 = Debug|Any CPU
		{22F610C5-7A42-485F-BA1A-221BA3C00A55}.Release|Any CPU.ActiveCfg = Release|Any CPU
		{22F610C5-7A42-485F-BA1A-221BA3C00A55}.Release|Any CPU.Build.0 = Release|Any CPU
	EndGlobalSection
	GlobalSection(SolutionProperties) = preSolution
		HideSolutionNode = FALSE
	EndGlobalSection
	GlobalSection(ExtensibilityGlobals) = postSolution
		SolutionGuid = {B965C0FC-CA5C-4523-B48F-980E71F279A4}
	EndGlobalSection
EndGlobal
